
Microsoft Visual Studio Solution File, Format Version 12.00
# Visual Studio Version 16
VisualStudioVersion = 16.0.30804.86
MinimumVisualStudioVersion = 10.0.40219.1
Project("{FAE04EC0-301F-11D3-BF4B-00C04F79EFBC}") = "InvoiceTotal", "InvoiceTotal\InvoiceTotal.csproj", "{BA198ECF-C1AC-4677-9BDA-FD9F8FD226EE}"
EndProject
Global
	GlobalSection(SolutionConfigurationPlatforms) = preSolution
		Debug|Any CPU = Debug|Any CPU
		Release|Any CPU = Release|Any CPU
	EndGlobalSection
	GlobalSection(ProjectConfigurationPlatforms) = postSolution
		{BA198ECF-C1AC-4677-9BDA-FD9F8FD226EE}.Debug|Any CPU.ActiveCfg = Debug|Any CPU
		{BA198ECF-C1AC-4677-9BDA-FD9F8FD226EE}.Debug|Any CPU.Build.0 = Debug|Any CPU
		{BA198ECF-C1AC-4677-9BDA-FD9F8FD226EE}.Release|Any CPU.ActiveCfg = Release|Any CPU
		{BA198ECF-C1AC-4677-9BDA-FD9F8FD226EE}.Release|Any CPU.Build.0 = Release|Any CPU
	EndGlobalSection
	GlobalSection(SolutionProperties) = preSolution
		HideSolutionNode = FALSE
	EndGlobalSection
	GlobalSection(ExtensibilityGlobals) = postSolution
		SolutionGuid = {A94B24CB-31E5-4F7F-90CD-10358788BCCB}
	EndGlobalSection
EndGlobal
